
PODS: 
- AFNetworking (1.0)
- RestKit (0.20.0pre1): 
  - RestKit/Core (= 0.20.0pre1)
- RestKit/Core (0.20.0pre1): 
  - RestKit/CoreData
  - RestKit/Network
  - RestKit/ObjectMapping
- RestKit/CoreData (0.20.0pre1)
- RestKit/Network (0.20.0pre1): 
  - AFNetworking (= 1.0)
  - RestKit/ObjectMapping
  - RestKit/Support
  - SOCKit
- RestKit/ObjectMapping (0.20.0pre1)
- RestKit/Support (0.20.0pre1)
- SOCKit (1.1)

DEPENDENCIES: 
- RestKit (from `https://github.com/RestKit/RestKit.git', branch `development')

EXTERNAL SOURCES: 
  RestKit: 
    :git: https://github.com/RestKit/RestKit.git
    :branch: development

SPEC CHECKSUMS: 
  AFNetworking: 758a1cb1ab5a0d22795ba1c44abb9cad395bc126
  RestKit: 569bfa08630a31ab5dd3813400f519cac7b9e20e
  RestKit/Core: 569bfa08630a31ab5dd3813400f519cac7b9e20e
  RestKit/CoreData: 569bfa08630a31ab5dd3813400f519cac7b9e20e
  RestKit/Network: 569bfa08630a31ab5dd3813400f519cac7b9e20e
  RestKit/ObjectMapping: 569bfa08630a31ab5dd3813400f519cac7b9e20e
  RestKit/Support: 569bfa08630a31ab5dd3813400f519cac7b9e20e
  SOCKit: 179515c1a621dd5652a60e9be02ea4adcd25bc9b

COCOAPODS: 0.16.0
