PODS:
  - AFNetworking (1.2.1)
  - RestKit (0.20.1):
    - RestKit/Core
  - RestKit/Core (0.20.1):
    - RestKit/CoreData
    - RestKit/Network
    - RestKit/ObjectMapping
  - RestKit/CoreData (0.20.1)
  - RestKit/Network (0.20.1):
    - AFNetworking (~> 1.2.0)
    - RestKit/ObjectMapping
    - RestKit/Support
    - SOCKit
  - RestKit/ObjectMapping (0.20.1)
  - RestKit/Support (0.20.1):
    - TransitionKit (= 1.1.0)
  - SOCKit (1.1)
  - TransitionKit (1.1.0)

DEPENDENCIES:
  - RestKit (~> 0.20)

SPEC CHECKSUMS:
  AFNetworking: d1ba5908b233189e424e101721acef7905b58efb
  RestKit: ceca63bc91172098c710c469facd2560e8a59164
  SOCKit: ed67aeeca4a697b63a933229e53f4670d5b9300f
  TransitionKit: 1624e84f252d5cd26900be28ccb73c69fbe63f8a

COCOAPODS: 0.19.1
